{
  "name": "geolocation",
  "version": "1.0.0",
  "lockfileVersion": 1,
  "requires": true,
  "dependencies": {
    "load-google-maps-api": {
      "version": "2.0.1",
      "resolved": "https://registry.npmjs.org/load-google-maps-api/-/load-google-maps-api-2.0.1.tgz",
      "integrity": "sha512-eQRA90S//j3OFN1WNic9G9ZZKH6Z7J59/mB46S9ByPx0vFJMN5BnvR97IXNzQ2v4p0/tI0TSPV8L71e+G/3jjQ=="
    }
  }
}
